// !$*UTF8*$!
{
	archiveVersion = 1;
	classes = {
	};
	objectVersion = 48;
	objects = {

/* Begin PBXBuildFile section */
		1A4A0D652086D41D00BF0270 /* AppDelegate.m in Sources */ = {isa = PBXBuildFile; fileRef = 1A4A0D642086D41D00BF0270 /* AppDelegate.m */; };
		1A4A0D682086D41D00BF0270 /* ViewController.m in Sources */ = {isa = PBXBuildFile; fileRef = 1A4A0D672086D41D00BF0270 /* ViewController.m */; };
		1A4A0D6B2086D41D00BF0270 /* Main.storyboard in Resources */ = {isa = PBXBuildFile; fileRef = 1A4A0D692086D41D00BF0270 /* Main.storyboard */; };
		1A4A0D6D2086D41D00BF0270 /* Assets.xcassets in Resources */ = {isa = PBXBuildFile; fileRef = 1A4A0D6C2086D41D00BF0270 /* Assets.xcassets */; };
		1A4A0D702086D41D00BF0270 /* LaunchScreen.storyboard in Resources */ = {isa = PBXBuildFile; fileRef = 1A4A0D6E2086D41D00BF0270 /* LaunchScreen.storyboard */; };
		1A4A0D732086D41D00BF0270 /* main.m in Sources */ = {isa = PBXBuildFile; fileRef = 1A4A0D722086D41D00BF0270 /* main.m */; };
		1A4A0D7B2086D48F00BF0270 /* RootViewController.m in Sources */ = {isa = PBXBuildFile; fileRef = 1A4A0D7A2086D48F00BF0270 /* RootViewController.m */; };
		1A4A0D7E2086D83300BF0270 /* ProfielViewController.m in Sources */ = {isa = PBXBuildFile; fileRef = 1A4A0D7D2086D83300BF0270 /* ProfielViewController.m */; };
		1A4A0D812086D84400BF0270 /* MessageViewController.m in Sources */ = {isa = PBXBuildFile; fileRef = 1A4A0D802086D84400BF0270 /* MessageViewController.m */; };
		1A4A0D842086D85B00BF0270 /* ColaViewController.m in Sources */ = {isa = PBXBuildFile; fileRef = 1A4A0D832086D85B00BF0270 /* ColaViewController.m */; };
		1A4A0D872086D87500BF0270 /* UserViewController.m in Sources */ = {isa = PBXBuildFile; fileRef = 1A4A0D862086D87500BF0270 /* UserViewController.m */; };
		1A4A0D8A2086D88800BF0270 /* MoreViewController.m in Sources */ = {isa = PBXBuildFile; fileRef = 1A4A0D892086D88800BF0270 /* MoreViewController.m */; };
		1A4A0D8D2086EDDD00BF0270 /* ModelViewController.m in Sources */ = {isa = PBXBuildFile; fileRef = 1A4A0D8C2086EDDD00BF0270 /* ModelViewController.m */; };
		1A4A0D902086F8A800BF0270 /* PushViewController.m in Sources */ = {isa = PBXBuildFile; fileRef = 1A4A0D8F2086F8A800BF0270 /* PushViewController.m */; };
/* End PBXBuildFile section */

/* Begin PBXFileReference section */
		1A4A0D602086D41D00BF0270 /* TabBar.app */ = {isa = PBXFileReference; explicitFileType = wrapper.application; includeInIndex = 0; path = TabBar.app; sourceTree = BUILT_PRODUCTS_DIR; };
		1A4A0D632086D41D00BF0270 /* AppDelegate.h */ = {isa = PBXFileReference; lastKnownFileType = sourcecode.c.h; path = AppDelegate.h; sourceTree = "<group>"; };
		1A4A0D642086D41D00BF0270 /* AppDelegate.m */ = {isa = PBXFileReference; lastKnownFileType = sourcecode.c.objc; path = AppDelegate.m; sourceTree = "<group>"; };
		1A4A0D662086D41D00BF0270 /* ViewController.h */ = {isa = PBXFileReference; lastKnownFileType = sourcecode.c.h; path = ViewController.h; sourceTree = "<group>"; };
		1A4A0D672086D41D00BF0270 /* ViewController.m */ = {isa = PBXFileReference; lastKnownFileType = sourcecode.c.objc; path = ViewController.m; sourceTree = "<group>"; };
		1A4A0D6A2086D41D00BF0270 /* Base */ = {isa = PBXFileReference; lastKnownFileType = file.storyboard; name = Base; path = Base.lproj/Main.storyboard; sourceTree = "<group>"; };
		1A4A0D6C2086D41D00BF0270 /* Assets.xcassets */ = {isa = PBXFileReference; lastKnownFileType = folder.assetcatalog; path = Assets.xcassets; sourceTree = "<group>"; };
		1A4A0D6F2086D41D00BF0270 /* Base */ = {isa = PBXFileReference; lastKnownFileType = file.storyboard; name = Base; path = Base.lproj/LaunchScreen.storyboard; sourceTree = "<group>"; };
		1A4A0D712086D41D00BF0270 /* Info.plist */ = {isa = PBXFileReference; lastKnownFileType = text.plist.xml; path = Info.plist; sourceTree = "<group>"; };
		1A4A0D722086D41D00BF0270 /* main.m */ = {isa = PBXFileReference; lastKnownFileType = sourcecode.c.objc; path = main.m; sourceTree = "<group>"; };
		1A4A0D792086D48F00BF0270 /* RootViewController.h */ = {isa = PBXFileReference; lastKnownFileType = sourcecode.c.h; path = RootViewController.h; sourceTree = "<group>"; };
		1A4A0D7A2086D48F00BF0270 /* RootViewController.m */ = {isa = PBXFileReference; lastKnownFileType = sourcecode.c.objc; path = RootViewController.m; sourceTree = "<group>"; };
		1A4A0D7C2086D83300BF0270 /* ProfielViewController.h */ = {isa = PBXFileReference; lastKnownFileType = sourcecode.c.h; path = ProfielViewController.h; sourceTree = "<group>"; };
		1A4A0D7D2086D83300BF0270 /* ProfielViewController.m */ = {isa = PBXFileReference; lastKnownFileType = sourcecode.c.objc; path = ProfielViewController.m; sourceTree = "<group>"; };
		1A4A0D7F2086D84400BF0270 /* MessageViewController.h */ = {isa = PBXFileReference; lastKnownFileType = sourcecode.c.h; path = MessageViewController.h; sourceTree = "<group>"; };
		1A4A0D802086D84400BF0270 /* MessageViewController.m */ = {isa = PBXFileReference; lastKnownFileType = sourcecode.c.objc; path = MessageViewController.m; sourceTree = "<group>"; };
		1A4A0D822086D85B00BF0270 /* ColaViewController.h */ = {isa = PBXFileReference; lastKnownFileType = sourcecode.c.h; path = ColaViewController.h; sourceTree = "<group>"; };
		1A4A0D832086D85B00BF0270 /* ColaViewController.m */ = {isa = PBXFileReference; lastKnownFileType = sourcecode.c.objc; path = ColaViewController.m; sourceTree = "<group>"; };
		1A4A0D852086D87500BF0270 /* UserViewController.h */ = {isa = PBXFileReference; lastKnownFileType = sourcecode.c.h; path = UserViewController.h; sourceTree = "<group>"; };
		1A4A0D862086D87500BF0270 /* UserViewController.m */ = {isa = PBXFileReference; lastKnownFileType = sourcecode.c.objc; path = UserViewController.m; sourceTree = "<group>"; };
		1A4A0D882086D88800BF0270 /* MoreViewController.h */ = {isa = PBXFileReference; lastKnownFileType = sourcecode.c.h; path = MoreViewController.h; sourceTree = "<group>"; };
		1A4A0D892086D88800BF0270 /* MoreViewController.m */ = {isa = PBXFileReference; lastKnownFileType = sourcecode.c.objc; path = MoreViewController.m; sourceTree = "<group>"; };
		1A4A0D8B2086EDDD00BF0270 /* ModelViewController.h */ = {isa = PBXFileReference; lastKnownFileType = sourcecode.c.h; path = ModelViewController.h; sourceTree = "<group>"; };
		1A4A0D8C2086EDDD00BF0270 /* ModelViewController.m */ = {isa = PBXFileReference; lastKnownFileType = sourcecode.c.objc; path = ModelViewController.m; sourceTree = "<group>"; };
		1A4A0D8E2086F8A800BF0270 /* PushViewController.h */ = {isa = PBXFileReference; lastKnownFileType = sourcecode.c.h; path = PushViewController.h; sourceTree = "<group>"; };
		1A4A0D8F2086F8A800BF0270 /* PushViewController.m */ = {isa = PBXFileReference; lastKnownFileType = sourcecode.c.objc; path = PushViewController.m; sourceTree = "<group>"; };
/* End PBXFileReference section */

/* Begin PBXFrameworksBuildPhase section */
		1A4A0D5D2086D41D00BF0270 /* Frameworks */ = {
			isa = PBXFrameworksBuildPhase;
			buildActionMask = 2147483647;
			files = (
			);
			runOnlyForDeploymentPostprocessing = 0;
		};
/* End PBXFrameworksBuildPhase section */

/* Begin PBXGroup section */
		1A4A0D572086D41D00BF0270 = {
			isa = PBXGroup;
			children = (
				1A4A0D622086D41D00BF0270 /* TabBar */,
				1A4A0D612086D41D00BF0270 /* Products */,
			);
			sourceTree = "<group>";
		};
		1A4A0D612086D41D00BF0270 /* Products */ = {
			isa = PBXGroup;
			children = (
				1A4A0D602086D41D00BF0270 /* TabBar.app */,
			);
			name = Products;
			sourceTree = "<group>";
		};
		1A4A0D622086D41D00BF0270 /* TabBar */ = {
			isa = PBXGroup;
			children = (
				1A4A0D632086D41D00BF0270 /* AppDelegate.h */,
				1A4A0D642086D41D00BF0270 /* AppDelegate.m */,
				1A4A0D662086D41D00BF0270 /* ViewController.h */,
				1A4A0D672086D41D00BF0270 /* ViewController.m */,
				1A4A0D792086D48F00BF0270 /* RootViewController.h */,
				1A4A0D7A2086D48F00BF0270 /* RootViewController.m */,
				1A4A0D7C2086D83300BF0270 /* ProfielViewController.h */,
				1A4A0D7D2086D83300BF0270 /* ProfielViewController.m */,
				1A4A0D8E2086F8A800BF0270 /* PushViewController.h */,
				1A4A0D8F2086F8A800BF0270 /* PushViewController.m */,
				1A4A0D8B2086EDDD00BF0270 /* ModelViewController.h */,
				1A4A0D8C2086EDDD00BF0270 /* ModelViewController.m */,
				1A4A0D7F2086D84400BF0270 /* MessageViewController.h */,
				1A4A0D802086D84400BF0270 /* MessageViewController.m */,
				1A4A0D822086D85B00BF0270 /* ColaViewController.h */,
				1A4A0D832086D85B00BF0270 /* ColaViewController.m */,
				1A4A0D852086D87500BF0270 /* UserViewController.h */,
				1A4A0D862086D87500BF0270 /* UserViewController.m */,
				1A4A0D882086D88800BF0270 /* MoreViewController.h */,
				1A4A0D892086D88800BF0270 /* MoreViewController.m */,
				1A4A0D692086D41D00BF0270 /* Main.storyboard */,
				1A4A0D6C2086D41D00BF0270 /* Assets.xcassets */,
				1A4A0D6E2086D41D00BF0270 /* LaunchScreen.storyboard */,
				1A4A0D712086D41D00BF0270 /* Info.plist */,
				1A4A0D722086D41D00BF0270 /* main.m */,
			);
			path = TabBar;
			sourceTree = "<group>";
		};
/* End PBXGroup section */

/* Begin PBXNativeTarget section */
		1A4A0D5F2086D41D00BF0270 /* TabBar */ = {
			isa = PBXNativeTarget;
			buildConfigurationList = 1A4A0D762086D41D00BF0270 /* Build configuration list for PBXNativeTarget "TabBar" */;
			buildPhases = (
				1A4A0D5C2086D41D00BF0270 /* Sources */,
				1A4A0D5D2086D41D00BF0270 /* Frameworks */,
				1A4A0D5E2086D41D00BF0270 /* Resources */,
			);
			buildRules = (
			);
			dependencies = (
			);
			name = TabBar;
			productName = TabBar;
			productReference = 1A4A0D602086D41D00BF0270 /* TabBar.app */;
			productType = "com.apple.product-type.application";
		};
/* End PBXNativeTarget section */

/* Begin PBXProject section */
		1A4A0D582086D41D00BF0270 /* Project object */ = {
			isa = PBXProject;
			attributes = {
				LastUpgradeCheck = 0920;
				ORGANIZATIONNAME = 51hanhan;
				TargetAttributes = {
					1A4A0D5F2086D41D00BF0270 = {
						CreatedOnToolsVersion = 9.2;
						ProvisioningStyle = Automatic;
					};
				};
			};
			buildConfigurationList = 1A4A0D5B2086D41D00BF0270 /* Build configuration list for PBXProject "TabBar" */;
			compatibilityVersion = "Xcode 8.0";
			developmentRegion = en;
			hasScannedForEncodings = 0;
			knownRegions = (
				en,
				Base,
			);
			mainGroup = 1A4A0D572086D41D00BF0270;
			productRefGroup = 1A4A0D612086D41D00BF0270 /* Products */;
			projectDirPath = "";
			projectRoot = "";
			targets = (
				1A4A0D5F2086D41D00BF0270 /* TabBar */,
			);
		};
/* End PBXProject section */

/* Begin PBXResourcesBuildPhase section */
		1A4A0D5E2086D41D00BF0270 /* Resources */ = {
			isa = PBXResourcesBuildPhase;
			buildActionMask = 2147483647;
			files = (
				1A4A0D702086D41D00BF0270 /* LaunchScreen.storyboard in Resources */,
				1A4A0D6D2086D41D00BF0270 /* Assets.xcassets in Resources */,
				1A4A0D6B2086D41D00BF0270 /* Main.storyboard in Resources */,
			);
			runOnlyForDeploymentPostprocessing = 0;
		};
/* End PBXResourcesBuildPhase section */

/* Begin PBXSourcesBuildPhase section */
		1A4A0D5C2086D41D00BF0270 /* Sources */ = {
			isa = PBXSourcesBuildPhase;
			buildActionMask = 2147483647;
			files = (
				1A4A0D812086D84400BF0270 /* MessageViewController.m in Sources */,
				1A4A0D902086F8A800BF0270 /* PushViewController.m in Sources */,
				1A4A0D842086D85B00BF0270 /* ColaViewController.m in Sources */,
				1A4A0D682086D41D00BF0270 /* ViewController.m in Sources */,
				1A4A0D732086D41D00BF0270 /* main.m in Sources */,
				1A4A0D8A2086D88800BF0270 /* MoreViewController.m in Sources */,
				1A4A0D7B2086D48F00BF0270 /* RootViewController.m in Sources */,
				1A4A0D8D2086EDDD00BF0270 /* ModelViewController.m in Sources */,
				1A4A0D872086D87500BF0270 /* UserViewController.m in Sources */,
				1A4A0D652086D41D00BF0270 /* AppDelegate.m in Sources */,
				1A4A0D7E2086D83300BF0270 /* ProfielViewController.m in Sources */,
			);
			runOnlyForDeploymentPostprocessing = 0;
		};
/* End PBXSourcesBuildPhase section */

/* Begin PBXVariantGroup section */
		1A4A0D692086D41D00BF0270 /* Main.storyboard */ = {
			isa = PBXVariantGroup;
			children = (
				1A4A0D6A2086D41D00BF0270 /* Base */,
			);
			name = Main.storyboard;
			sourceTree = "<group>";
		};
		1A4A0D6E2086D41D00BF0270 /* LaunchScreen.storyboard */ = {
			isa = PBXVariantGroup;
			children = (
				1A4A0D6F2086D41D00BF0270 /* Base */,
			);
			name = LaunchScreen.storyboard;
			sourceTree = "<group>";
		};
/* End PBXVariantGroup section */

/* Begin XCBuildConfiguration section */
		1A4A0D742086D41D00BF0270 /* Debug */ = {
			isa = XCBuildConfiguration;
			buildSettings = {
				ALWAYS_SEARCH_USER_PATHS = NO;
				CLANG_ANALYZER_NONNULL = YES;
				CLANG_ANALYZER_NUMBER_OBJECT_CONVERSION = YES_AGGRESSIVE;
				CLANG_CXX_LANGUAGE_STANDARD = "gnu++14";
				CLANG_CXX_LIBRARY = "libc++";
				CLANG_ENABLE_MODULES = YES;
				CLANG_ENABLE_OBJC_ARC = YES;
				CLANG_WARN_BLOCK_CAPTURE_AUTORELEASING = YES;
				CLANG_WARN_BOOL_CONVERSION = YES;
				CLANG_WARN_COMMA = YES;
				CLANG_WARN_CONSTANT_CONVERSION = YES;
				CLANG_WARN_DIRECT_OBJC_ISA_USAGE = YES_ERROR;
				CLANG_WARN_DOCUMENTATION_COMMENTS = YES;
				CLANG_WARN_EMPTY_BODY = YES;
				CLANG_WARN_ENUM_CONVERSION = YES;
				CLANG_WARN_INFINITE_RECURSION = YES;
				CLANG_WARN_INT_CONVERSION = YES;
				CLANG_WARN_NON_LITERAL_NULL_CONVERSION = YES;
				CLANG_WARN_OBJC_LITERAL_CONVERSION = YES;
				CLANG_WARN_OBJC_ROOT_CLASS = YES_ERROR;
				CLANG_WARN_RANGE_LOOP_ANALYSIS = YES;
				CLANG_WARN_STRICT_PROTOTYPES = YES;
				CLANG_WARN_SUSPICIOUS_MOVE = YES;
				CLANG_WARN_UNGUARDED_AVAILABILITY = YES_AGGRESSIVE;
				CLANG_WARN_UNREACHABLE_CODE = YES;
				CLANG_WARN__DUPLICATE_METHOD_MATCH = YES;
				CODE_SIGN_IDENTITY = "iPhone Developer";
				COPY_PHASE_STRIP = NO;
				DEBUG_INFORMATION_FORMAT = dwarf;
				ENABLE_STRICT_OBJC_MSGSEND = YES;
				ENABLE_TESTABILITY = YES;
				GCC_C_LANGUAGE_STANDARD = gnu11;
				GCC_DYNAMIC_NO_PIC = NO;
				GCC_NO_COMMON_BLOCKS = YES;
				GCC_OPTIMIZATION_LEVEL = 0;
				GCC_PREPROCESSOR_DEFINITIONS = (
					"DEBUG=1",
					"$(inherited)",
				);
				GCC_WARN_64_TO_32_BIT_CONVERSION = YES;
				GCC_WARN_ABOUT_RETURN_TYPE = YES_ERROR;
				GCC_WARN_UNDECLARED_SELECTOR = YES;
				GCC_WARN_UNINITIALIZED_AUTOS = YES_AGGRESSIVE;
				GCC_WARN_UNUSED_FUNCTION = YES;
				GCC_WARN_UNUSED_VARIABLE = YES;
				IPHONEOS_DEPLOYMENT_TARGET = 11.2;
				MTL_ENABLE_DEBUG_INFO = YES;
				ONLY_ACTIVE_ARCH = YES;
				SDKROOT = iphoneos;
			};
			name = Debug;
		};
		1A4A0D752086D41D00BF0270 /* Release */ = {
			isa = XCBuildConfiguration;
			buildSettings = {
				ALWAYS_SEARCH_USER_PATHS = NO;
				CLANG_ANALYZER_NONNULL = YES;
				CLANG_ANALYZER_NUMBER_OBJECT_CONVERSION = YES_AGGRESSIVE;
				CLANG_CXX_LANGUAGE_STANDARD = "gnu++14";
				CLANG_CXX_LIBRARY = "libc++";
				CLANG_ENABLE_MODULES = YES;
				CLANG_ENABLE_OBJC_ARC = YES;
				CLANG_WARN_BLOCK_CAPTURE_AUTORELEASING = YES;
				CLANG_WARN_BOOL_CONVERSION = YES;
				CLANG_WARN_COMMA = YES;
				CLANG_WARN_CONSTANT_CONVERSION = YES;
				CLANG_WARN_DIRECT_OBJC_ISA_USAGE = YES_ERROR;
				CLANG_WARN_DOCUMENTATION_COMMENTS = YES;
				CLANG_WARN_EMPTY_BODY = YES;
				CLANG_WARN_ENUM_CONVERSION = YES;
				CLANG_WARN_INFINITE_RECURSION = YES;
				CLANG_WARN_INT_CONVERSION = YES;
				CLANG_WARN_NON_LITERAL_NULL_CONVERSION = YES;
				CLANG_WARN_OBJC_LITERAL_CONVERSION = YES;
				CLANG_WARN_OBJC_ROOT_CLASS = YES_ERROR;
				CLANG_WARN_RANGE_LOOP_ANALYSIS = YES;
				CLANG_WARN_STRICT_PROTOTYPES = YES;
				CLANG_WARN_SUSPICIOUS_MOVE = YES;
				CLANG_WARN_UNGUARDED_AVAILABILITY = YES_AGGRESSIVE;
				CLANG_WARN_UNREACHABLE_CODE = YES;
				CLANG_WARN__DUPLICATE_METHOD_MATCH = YES;
				CODE_SIGN_IDENTITY = "iPhone Developer";
				COPY_PHASE_STRIP = NO;
				DEBUG_INFORMATION_FORMAT = "dwarf-with-dsym";
				ENABLE_NS_ASSERTIONS = NO;
				ENABLE_STRICT_OBJC_MSGSEND = YES;
				GCC_C_LANGUAGE_STANDARD = gnu11;
				GCC_NO_COMMON_BLOCKS = YES;
				GCC_WARN_64_TO_32_BIT_CONVERSION = YES;
				GCC_WARN_ABOUT_RETURN_TYPE = YES_ERROR;
				GCC_WARN_UNDECLARED_SELECTOR = YES;
				GCC_WARN_UNINITIALIZED_AUTOS = YES_AGGRESSIVE;
				GCC_WARN_UNUSED_FUNCTION = YES;
				GCC_WARN_UNUSED_VARIABLE = YES;
				IPHONEOS_DEPLOYMENT_TARGET = 11.2;
				MTL_ENABLE_DEBUG_INFO = NO;
				SDKROOT = iphoneos;
				VALIDATE_PRODUCT = YES;
			};
			name = Release;
		};
		1A4A0D772086D41D00BF0270 /* Debug */ = {
			isa = XCBuildConfiguration;
			buildSettings = {
				ASSETCATALOG_COMPILER_APPICON_NAME = AppIcon;
				CODE_SIGN_STYLE = Automatic;
				DEVELOPMENT_TEAM = XPAF488QLL;
				INFOPLIST_FILE = TabBar/Info.plist;
				LD_RUNPATH_SEARCH_PATHS = "$(inherited) @executable_path/Frameworks";
				PRODUCT_BUNDLE_IDENTIFIER = com.51hanhan.TabBar;
				PRODUCT_NAME = "$(TARGET_NAME)";
				TARGETED_DEVICE_FAMILY = "1,2";
			};
			name = Debug;
		};
		1A4A0D782086D41D00BF0270 /* Release */ = {
			isa = XCBuildConfiguration;
			buildSettings = {
				ASSETCATALOG_COMPILER_APPICON_NAME = AppIcon;
				CODE_SIGN_STYLE = Automatic;
				DEVELOPMENT_TEAM = XPAF488QLL;
				INFOPLIST_FILE = TabBar/Info.plist;
				LD_RUNPATH_SEARCH_PATHS = "$(inherited) @executable_path/Frameworks";
				PRODUCT_BUNDLE_IDENTIFIER = com.51hanhan.TabBar;
				PRODUCT_NAME = "$(TARGET_NAME)";
				TARGETED_DEVICE_FAMILY = "1,2";
			};
			name = Release;
		};
/* End XCBuildConfiguration section */

/* Begin XCConfigurationList section */
		1A4A0D5B2086D41D00BF0270 /* Build configuration list for PBXProject "TabBar" */ = {
			isa = XCConfigurationList;
			buildConfigurations = (
				1A4A0D742086D41D00BF0270 /* Debug */,
				1A4A0D752086D41D00BF0270 /* Release */,
			);
			defaultConfigurationIsVisible = 0;
			defaultConfigurationName = Release;
		};
		1A4A0D762086D41D00BF0270 /* Build configuration list for PBXNativeTarget "TabBar" */ = {
			isa = XCConfigurationList;
			buildConfigurations = (
				1A4A0D772086D41D00BF0270 /* Debug */,
				1A4A0D782086D41D00BF0270 /* Release */,
			);
			defaultConfigurationIsVisible = 0;
			defaultConfigurationName = Release;
		};
/* End XCConfigurationList section */
	};
	rootObject = 1A4A0D582086D41D00BF0270 /* Project object */;
}
